// !$*UTF8*$!
{
	archiveVersion = 1;
	classes = {
	};
	objectVersion = 50;
	objects = {

/* Begin PBXBuildFile section */
		251ECCE525E2A16F0053B2B2 /* AppDelegate.swift in Sources */ = {isa = PBXBuildFile; fileRef = 251ECCE425E2A16F0053B2B2 /* AppDelegate.swift */; };
		251ECCE725E2A16F0053B2B2 /* SceneDelegate.swift in Sources */ = {isa = PBXBuildFile; fileRef = 251ECCE625E2A16F0053B2B2 /* SceneDelegate.swift */; };
		251ECCE925E2A16F0053B2B2 /* ViewController.swift in Sources */ = {isa = PBXBuildFile; fileRef = 251ECCE825E2A16F0053B2B2 /* ViewController.swift */; };
		251ECCEC25E2A16F0053B2B2 /* Main.storyboard in Resources */ = {isa = PBXBuildFile; fileRef = 251ECCEA25E2A16F0053B2B2 /* Main.storyboard */; };
		251ECCEE25E2A1750053B2B2 /* Assets.xcassets in Resources */ = {isa = PBXBuildFile; fileRef = 251ECCED25E2A1750053B2B2 /* Assets.xcassets */; };
		251ECCF125E2A1750053B2B2 /* LaunchScreen.storyboard in Resources */ = {isa = PBXBuildFile; fileRef = 251ECCEF25E2A1750053B2B2 /* LaunchScreen.storyboard */; };
		251ECCFC25E2A1750053B2B2 /* KolodinhoTests.swift in Sources */ = {isa = PBXBuildFile; fileRef = 251ECCFB25E2A1750053B2B2 /* KolodinhoTests.swift */; };
		251ECD0725E2A1750053B2B2 /* KolodinhoUITests.swift in Sources */ = {isa = PBXBuildFile; fileRef = 251ECD0625E2A1750053B2B2 /* KolodinhoUITests.swift */; };
/* End PBXBuildFile section */

/* Begin PBXContainerItemProxy section */
		251ECCF825E2A1750053B2B2 /* PBXContainerItemProxy */ = {
			isa = PBXContainerItemProxy;
			containerPortal = 251ECCD925E2A16E0053B2B2 /* Project object */;
			proxyType = 1;
			remoteGlobalIDString = 251ECCE025E2A16F0053B2B2;
			remoteInfo = Kolodinho;
		};
		251ECD0325E2A1750053B2B2 /* PBXContainerItemProxy */ = {
			isa = PBXContainerItemProxy;
			containerPortal = 251ECCD925E2A16E0053B2B2 /* Project object */;
			proxyType = 1;
			remoteGlobalIDString = 251ECCE025E2A16F0053B2B2;
			remoteInfo = Kolodinho;
		};
/* End PBXContainerItemProxy section */

/* Begin PBXFileReference section */
		251ECCE125E2A16F0053B2B2 /* Kolodinho.app */ = {isa = PBXFileReference; explicitFileType = wrapper.application; includeInIndex = 0; path = Kolodinho.app; sourceTree = BUILT_PRODUCTS_DIR; };
		251ECCE425E2A16F0053B2B2 /* AppDelegate.swift */ = {isa = PBXFileReference; lastKnownFileType = sourcecode.swift; path = AppDelegate.swift; sourceTree = "<group>"; };
		251ECCE625E2A16F0053B2B2 /* SceneDelegate.swift */ = {isa = PBXFileReference; lastKnownFileType = sourcecode.swift; path = SceneDelegate.swift; sourceTree = "<group>"; };
		251ECCE825E2A16F0053B2B2 /* ViewController.swift */ = {isa = PBXFileReference; lastKnownFileType = sourcecode.swift; path = ViewController.swift; sourceTree = "<group>"; };
		251ECCEB25E2A16F0053B2B2 /* Base */ = {isa = PBXFileReference; lastKnownFileType = file.storyboard; name = Base; path = Base.lproj/Main.storyboard; sourceTree = "<group>"; };
		251ECCED25E2A1750053B2B2 /* Assets.xcassets */ = {isa = PBXFileReference; lastKnownFileType = folder.assetcatalog; path = Assets.xcassets; sourceTree = "<group>"; };
		251ECCF025E2A1750053B2B2 /* Base */ = {isa = PBXFileReference; lastKnownFileType = file.storyboard; name = Base; path = Base.lproj/LaunchScreen.storyboard; sourceTree = "<group>"; };
		251ECCF225E2A1750053B2B2 /* Info.plist */ = {isa = PBXFileReference; lastKnownFileType = text.plist.xml; path = Info.plist; sourceTree = "<group>"; };
		251ECCF725E2A1750053B2B2 /* KolodinhoTests.xctest */ = {isa = PBXFileReference; explicitFileType = wrapper.cfbundle; includeInIndex = 0; path = KolodinhoTests.xctest; sourceTree = BUILT_PRODUCTS_DIR; };
		251ECCFB25E2A1750053B2B2 /* KolodinhoTests.swift */ = {isa = PBXFileReference; lastKnownFileType = sourcecode.swift; path = KolodinhoTests.swift; sourceTree = "<group>"; };
		251ECCFD25E2A1750053B2B2 /* Info.plist */ = {isa = PBXFileReference; lastKnownFileType = text.plist.xml; path = Info.plist; sourceTree = "<group>"; };
		251ECD0225E2A1750053B2B2 /* KolodinhoUITests.xctest */ = {isa = PBXFileReference; explicitFileType = wrapper.cfbundle; includeInIndex = 0; path = KolodinhoUITests.xctest; sourceTree = BUILT_PRODUCTS_DIR; };
		251ECD0625E2A1750053B2B2 /* KolodinhoUITests.swift */ = {isa = PBXFileReference; lastKnownFileType = sourcecode.swift; path = KolodinhoUITests.swift; sourceTree = "<group>"; };
		251ECD0825E2A1750053B2B2 /* Info.plist */ = {isa = PBXFileReference; lastKnownFileType = text.plist.xml; path = Info.plist; sourceTree = "<group>"; };
/* End PBXFileReference section */

/* Begin PBXFrameworksBuildPhase section */
		251ECCDE25E2A16F0053B2B2 /* Frameworks */ = {
			isa = PBXFrameworksBuildPhase;
			buildActionMask = 2147483647;
			files = (
			);
			runOnlyForDeploymentPostprocessing = 0;
		};
		251ECCF425E2A1750053B2B2 /* Frameworks */ = {
			isa = PBXFrameworksBuildPhase;
			buildActionMask = 2147483647;
			files = (
			);
			runOnlyForDeploymentPostprocessing = 0;
		};
		251ECCFF25E2A1750053B2B2 /* Frameworks */ = {
			isa = PBXFrameworksBuildPhase;
			buildActionMask = 2147483647;
			files = (
			);
			runOnlyForDeploymentPostprocessing = 0;
		};
/* End PBXFrameworksBuildPhase section */

/* Begin PBXGroup section */
		251ECCD825E2A16E0053B2B2 = {
			isa = PBXGroup;
			children = (
				251ECCE325E2A16F0053B2B2 /* Kolodinho */,
				251ECCFA25E2A1750053B2B2 /* KolodinhoTests */,
				251ECD0525E2A1750053B2B2 /* KolodinhoUITests */,
				251ECCE225E2A16F0053B2B2 /* Products */,
			);
			sourceTree = "<group>";
		};
		251ECCE225E2A16F0053B2B2 /* Products */ = {
			isa = PBXGroup;
			children = (
				251ECCE125E2A16F0053B2B2 /* Kolodinho.app */,
				251ECCF725E2A1750053B2B2 /* KolodinhoTests.xctest */,
				251ECD0225E2A1750053B2B2 /* KolodinhoUITests.xctest */,
			);
			name = Products;
			sourceTree = "<group>";
		};
		251ECCE325E2A16F0053B2B2 /* Kolodinho */ = {
			isa = PBXGroup;
			children = (
				251ECCE425E2A16F0053B2B2 /* AppDelegate.swift */,
				251ECCE625E2A16F0053B2B2 /* SceneDelegate.swift */,
				251ECCE825E2A16F0053B2B2 /* ViewController.swift */,
				251ECCEA25E2A16F0053B2B2 /* Main.storyboard */,
				251ECCED25E2A1750053B2B2 /* Assets.xcassets */,
				251ECCEF25E2A1750053B2B2 /* LaunchScreen.storyboard */,
				251ECCF225E2A1750053B2B2 /* Info.plist */,
			);
			path = Kolodinho;
			sourceTree = "<group>";
		};
		251ECCFA25E2A1750053B2B2 /* KolodinhoTests */ = {
			isa = PBXGroup;
			children = (
				251ECCFB25E2A1750053B2B2 /* KolodinhoTests.swift */,
				251ECCFD25E2A1750053B2B2 /* Info.plist */,
			);
			path = KolodinhoTests;
			sourceTree = "<group>";
		};
		251ECD0525E2A1750053B2B2 /* KolodinhoUITests */ = {
			isa = PBXGroup;
			children = (
				251ECD0625E2A1750053B2B2 /* KolodinhoUITests.swift */,
				251ECD0825E2A1750053B2B2 /* Info.plist */,
			);
			path = KolodinhoUITests;
			sourceTree = "<group>";
		};
/* End PBXGroup section */

/* Begin PBXNativeTarget section */
		251ECCE025E2A16F0053B2B2 /* Kolodinho */ = {
			isa = PBXNativeTarget;
			buildConfigurationList = 251ECD0B25E2A1750053B2B2 /* Build configuration list for PBXNativeTarget "Kolodinho" */;
			buildPhases = (
				251ECCDD25E2A16F0053B2B2 /* Sources */,
				251ECCDE25E2A16F0053B2B2 /* Frameworks */,
				251ECCDF25E2A16F0053B2B2 /* Resources */,
			);
			buildRules = (
			);
			dependencies = (
			);
			name = Kolodinho;
			productName = Kolodinho;
			productReference = 251ECCE125E2A16F0053B2B2 /* Kolodinho.app */;
			productType = "com.apple.product-type.application";
		};
		251ECCF625E2A1750053B2B2 /* KolodinhoTests */ = {
			isa = PBXNativeTarget;
			buildConfigurationList = 251ECD0E25E2A1750053B2B2 /* Build configuration list for PBXNativeTarget "KolodinhoTests" */;
			buildPhases = (
				251ECCF325E2A1750053B2B2 /* Sources */,
				251ECCF425E2A1750053B2B2 /* Frameworks */,
				251ECCF525E2A1750053B2B2 /* Resources */,
			);
			buildRules = (
			);
			dependencies = (
				251ECCF925E2A1750053B2B2 /* PBXTargetDependency */,
			);
			name = KolodinhoTests;
			productName = KolodinhoTests;
			productReference = 251ECCF725E2A1750053B2B2 /* KolodinhoTests.xctest */;
			productType = "com.apple.product-type.bundle.unit-test";
		};
		251ECD0125E2A1750053B2B2 /* KolodinhoUITests */ = {
			isa = PBXNativeTarget;
			buildConfigurationList = 251ECD1125E2A1750053B2B2 /* Build configuration list for PBXNativeTarget "KolodinhoUITests" */;
			buildPhases = (
				251ECCFE25E2A1750053B2B2 /* Sources */,
				251ECCFF25E2A1750053B2B2 /* Frameworks */,
				251ECD0025E2A1750053B2B2 /* Resources */,
			);
			buildRules = (
			);
			dependencies = (
				251ECD0425E2A1750053B2B2 /* PBXTargetDependency */,
			);
			name = KolodinhoUITests;
			productName = KolodinhoUITests;
			productReference = 251ECD0225E2A1750053B2B2 /* KolodinhoUITests.xctest */;
			productType = "com.apple.product-type.bundle.ui-testing";
		};
/* End PBXNativeTarget section */

/* Begin PBXProject section */
		251ECCD925E2A16E0053B2B2 /* Project object */ = {
			isa = PBXProject;
			attributes = {
				LastSwiftUpdateCheck = 1220;
				LastUpgradeCheck = 1220;
				TargetAttributes = {
					251ECCE025E2A16F0053B2B2 = {
						CreatedOnToolsVersion = 12.2;
					};
					251ECCF625E2A1750053B2B2 = {
						CreatedOnToolsVersion = 12.2;
						TestTargetID = 251ECCE025E2A16F0053B2B2;
					};
					251ECD0125E2A1750053B2B2 = {
						CreatedOnToolsVersion = 12.2;
						TestTargetID = 251ECCE025E2A16F0053B2B2;
					};
				};
			};
			buildConfigurationList = 251ECCDC25E2A16E0053B2B2 /* Build configuration list for PBXProject "Kolodinho" */;
			compatibilityVersion = "Xcode 9.3";
			developmentRegion = en;
			hasScannedForEncodings = 0;
			knownRegions = (
				en,
				Base,
			);
			mainGroup = 251ECCD825E2A16E0053B2B2;
			productRefGroup = 251ECCE225E2A16F0053B2B2 /* Products */;
			projectDirPath = "";
			projectRoot = "";
			targets = (
				251ECCE025E2A16F0053B2B2 /* Kolodinho */,
				251ECCF625E2A1750053B2B2 /* KolodinhoTests */,
				251ECD0125E2A1750053B2B2 /* KolodinhoUITests */,
			);
		};
/* End PBXProject section */

/* Begin PBXResourcesBuildPhase section */
		251ECCDF25E2A16F0053B2B2 /* Resources */ = {
			isa = PBXResourcesBuildPhase;
			buildActionMask = 2147483647;
			files = (
				251ECCF125E2A1750053B2B2 /* LaunchScreen.storyboard in Resources */,
				251ECCEE25E2A1750053B2B2 /* Assets.xcassets in Resources */,
				251ECCEC25E2A16F0053B2B2 /* Main.storyboard in Resources */,
			);
			runOnlyForDeploymentPostprocessing = 0;
		};
		251ECCF525E2A1750053B2B2 /* Resources */ = {
			isa = PBXResourcesBuildPhase;
			buildActionMask = 2147483647;
			files = (
			);
			runOnlyForDeploymentPostprocessing = 0;
		};
		251ECD0025E2A1750053B2B2 /* Resources */ = {
			isa = PBXResourcesBuildPhase;
			buildActionMask = 2147483647;
			files = (
			);
			runOnlyForDeploymentPostprocessing = 0;
		};
/* End PBXResourcesBuildPhase section */

/* Begin PBXSourcesBuildPhase section */
		251ECCDD25E2A16F0053B2B2 /* Sources */ = {
			isa = PBXSourcesBuildPhase;
			buildActionMask = 2147483647;
			files = (
				251ECCE925E2A16F0053B2B2 /* ViewController.swift in Sources */,
				251ECCE525E2A16F0053B2B2 /* AppDelegate.swift in Sources */,
				251ECCE725E2A16F0053B2B2 /* SceneDelegate.swift in Sources */,
			);
			runOnlyForDeploymentPostprocessing = 0;
		};
		251ECCF325E2A1750053B2B2 /* Sources */ = {
			isa = PBXSourcesBuildPhase;
			buildActionMask = 2147483647;
			files = (
				251ECCFC25E2A1750053B2B2 /* KolodinhoTests.swift in Sources */,
			);
			runOnlyForDeploymentPostprocessing = 0;
		};
		251ECCFE25E2A1750053B2B2 /* Sources */ = {
			isa = PBXSourcesBuildPhase;
			buildActionMask = 2147483647;
			files = (
				251ECD0725E2A1750053B2B2 /* KolodinhoUITests.swift in Sources */,
			);
			runOnlyForDeploymentPostprocessing = 0;
		};
/* End PBXSourcesBuildPhase section */

/* Begin PBXTargetDependency section */
		251ECCF925E2A1750053B2B2 /* PBXTargetDependency */ = {
			isa = PBXTargetDependency;
			target = 251ECCE025E2A16F0053B2B2 /* Kolodinho */;
			targetProxy = 251ECCF825E2A1750053B2B2 /* PBXContainerItemProxy */;
		};
		251ECD0425E2A1750053B2B2 /* PBXTargetDependency */ = {
			isa = PBXTargetDependency;
			target = 251ECCE025E2A16F0053B2B2 /* Kolodinho */;
			targetProxy = 251ECD0325E2A1750053B2B2 /* PBXContainerItemProxy */;
		};
/* End PBXTargetDependency section */

/* Begin PBXVariantGroup section */
		251ECCEA25E2A16F0053B2B2 /* Main.storyboard */ = {
			isa = PBXVariantGroup;
			children = (
				251ECCEB25E2A16F0053B2B2 /* Base */,
			);
			name = Main.storyboard;
			sourceTree = "<group>";
		};
		251ECCEF25E2A1750053B2B2 /* LaunchScreen.storyboard */ = {
			isa = PBXVariantGroup;
			children = (
				251ECCF025E2A1750053B2B2 /* Base */,
			);
			name = LaunchScreen.storyboard;
			sourceTree = "<group>";
		};
/* End PBXVariantGroup section */

/* Begin XCBuildConfiguration section */
		251ECD0925E2A1750053B2B2 /* Debug */ = {
			isa = XCBuildConfiguration;
			buildSettings = {
				ALWAYS_SEARCH_USER_PATHS = NO;
				CLANG_ANALYZER_NONNULL = YES;
				CLANG_ANALYZER_NUMBER_OBJECT_CONVERSION = YES_AGGRESSIVE;
				CLANG_CXX_LANGUAGE_STANDARD = "gnu++14";
				CLANG_CXX_LIBRARY = "libc++";
				CLANG_ENABLE_MODULES = YES;
				CLANG_ENABLE_OBJC_ARC = YES;
				CLANG_ENABLE_OBJC_WEAK = YES;
				CLANG_WARN_BLOCK_CAPTURE_AUTORELEASING = YES;
				CLANG_WARN_BOOL_CONVERSION = YES;
				CLANG_WARN_COMMA = YES;
				CLANG_WARN_CONSTANT_CONVERSION = YES;
				CLANG_WARN_DEPRECATED_OBJC_IMPLEMENTATIONS = YES;
				CLANG_WARN_DIRECT_OBJC_ISA_USAGE = YES_ERROR;
				CLANG_WARN_DOCUMENTATION_COMMENTS = YES;
				CLANG_WARN_EMPTY_BODY = YES;
				CLANG_WARN_ENUM_CONVERSION = YES;
				CLANG_WARN_INFINITE_RECURSION = YES;
				CLANG_WARN_INT_CONVERSION = YES;
				CLANG_WARN_NON_LITERAL_NULL_CONVERSION = YES;
				CLANG_WARN_OBJC_IMPLICIT_RETAIN_SELF = YES;
				CLANG_WARN_OBJC_LITERAL_CONVERSION = YES;
				CLANG_WARN_OBJC_ROOT_CLASS = YES_ERROR;
				CLANG_WARN_QUOTED_INCLUDE_IN_FRAMEWORK_HEADER = YES;
				CLANG_WARN_RANGE_LOOP_ANALYSIS = YES;
				CLANG_WARN_STRICT_PROTOTYPES = YES;
				CLANG_WARN_SUSPICIOUS_MOVE = YES;
				CLANG_WARN_UNGUARDED_AVAILABILITY = YES_AGGRESSIVE;
				CLANG_WARN_UNREACHABLE_CODE = YES;
				CLANG_WARN__DUPLICATE_METHOD_MATCH = YES;
				COPY_PHASE_STRIP = NO;
				DEBUG_INFORMATION_FORMAT = dwarf;
				ENABLE_STRICT_OBJC_MSGSEND = YES;
				ENABLE_TESTABILITY = YES;
				GCC_C_LANGUAGE_STANDARD = gnu11;
				GCC_DYNAMIC_NO_PIC = NO;
				GCC_NO_COMMON_BLOCKS = YES;
				GCC_OPTIMIZATION_LEVEL = 0;
				GCC_PREPROCESSOR_DEFINITIONS = (
					"DEBUG=1",
					"$(inherited)",
				);
				GCC_WARN_64_TO_32_BIT_CONVERSION = YES;
				GCC_WARN_ABOUT_RETURN_TYPE = YES_ERROR;
				GCC_WARN_UNDECLARED_SELECTOR = YES;
				GCC_WARN_UNINITIALIZED_AUTOS = YES_AGGRESSIVE;
				GCC_WARN_UNUSED_FUNCTION = YES;
				GCC_WARN_UNUSED_VARIABLE = YES;
				IPHONEOS_DEPLOYMENT_TARGET = 14.2;
				MTL_ENABLE_DEBUG_INFO = INCLUDE_SOURCE;
				MTL_FAST_MATH = YES;
				ONLY_ACTIVE_ARCH = YES;
				SDKROOT = iphoneos;
				SWIFT_ACTIVE_COMPILATION_CONDITIONS = DEBUG;
				SWIFT_OPTIMIZATION_LEVEL = "-Onone";
			};
			name = Debug;
		};
		251ECD0A25E2A1750053B2B2 /* Release */ = {
			isa = XCBuildConfiguration;
			buildSettings = {
				ALWAYS_SEARCH_USER_PATHS = NO;
				CLANG_ANALYZER_NONNULL = YES;
				CLANG_ANALYZER_NUMBER_OBJECT_CONVERSION = YES_AGGRESSIVE;
				CLANG_CXX_LANGUAGE_STANDARD = "gnu++14";
				CLANG_CXX_LIBRARY = "libc++";
				CLANG_ENABLE_MODULES = YES;
				CLANG_ENABLE_OBJC_ARC = YES;
				CLANG_ENABLE_OBJC_WEAK = YES;
				CLANG_WARN_BLOCK_CAPTURE_AUTORELEASING = YES;
				CLANG_WARN_BOOL_CONVERSION = YES;
				CLANG_WARN_COMMA = YES;
				CLANG_WARN_CONSTANT_CONVERSION = YES;
				CLANG_WARN_DEPRECATED_OBJC_IMPLEMENTATIONS = YES;
				CLANG_WARN_DIRECT_OBJC_ISA_USAGE = YES_ERROR;
				CLANG_WARN_DOCUMENTATION_COMMENTS = YES;
				CLANG_WARN_EMPTY_BODY = YES;
				CLANG_WARN_ENUM_CONVERSION = YES;
				CLANG_WARN_INFINITE_RECURSION = YES;
				CLANG_WARN_INT_CONVERSION = YES;
				CLANG_WARN_NON_LITERAL_NULL_CONVERSION = YES;
				CLANG_WARN_OBJC_IMPLICIT_RETAIN_SELF = YES;
				CLANG_WARN_OBJC_LITERAL_CONVERSION = YES;
				CLANG_WARN_OBJC_ROOT_CLASS = YES_ERROR;
				CLANG_WARN_QUOTED_INCLUDE_IN_FRAMEWORK_HEADER = YES;
				CLANG_WARN_RANGE_LOOP_ANALYSIS = YES;
				CLANG_WARN_STRICT_PROTOTYPES = YES;
				CLANG_WARN_SUSPICIOUS_MOVE = YES;
				CLANG_WARN_UNGUARDED_AVAILABILITY = YES_AGGRESSIVE;
				CLANG_WARN_UNREACHABLE_CODE = YES;
				CLANG_WARN__DUPLICATE_METHOD_MATCH = YES;
				COPY_PHASE_STRIP = NO;
				DEBUG_INFORMATION_FORMAT = "dwarf-with-dsym";
				ENABLE_NS_ASSERTIONS = NO;
				ENABLE_STRICT_OBJC_MSGSEND = YES;
				GCC_C_LANGUAGE_STANDARD = gnu11;
				GCC_NO_COMMON_BLOCKS = YES;
				GCC_WARN_64_TO_32_BIT_CONVERSION = YES;
				GCC_WARN_ABOUT_RETURN_TYPE = YES_ERROR;
				GCC_WARN_UNDECLARED_SELECTOR = YES;
				GCC_WARN_UNINITIALIZED_AUTOS = YES_AGGRESSIVE;
				GCC_WARN_UNUSED_FUNCTION = YES;
				GCC_WARN_UNUSED_VARIABLE = YES;
				IPHONEOS_DEPLOYMENT_TARGET = 14.2;
				MTL_ENABLE_DEBUG_INFO = NO;
				MTL_FAST_MATH = YES;
				SDKROOT = iphoneos;
				SWIFT_COMPILATION_MODE = wholemodule;
				SWIFT_OPTIMIZATION_LEVEL = "-O";
				VALIDATE_PRODUCT = YES;
			};
			name = Release;
		};
		251ECD0C25E2A1750053B2B2 /* Debug */ = {
			isa = XCBuildConfiguration;
			buildSettings = {
				ASSETCATALOG_COMPILER_APPICON_NAME = AppIcon;
				ASSETCATALOG_COMPILER_GLOBAL_ACCENT_COLOR_NAME = AccentColor;
				CODE_SIGN_STYLE = Automatic;
				DEVELOPMENT_TEAM = SV9VR56FLJ;
				INFOPLIST_FILE = Kolodinho/Info.plist;
				LD_RUNPATH_SEARCH_PATHS = (
					"$(inherited)",
					"@executable_path/Frameworks",
				);
				PRODUCT_BUNDLE_IDENTIFIER = ua.KolodaNikita.Kolodinho;
				PRODUCT_NAME = "$(TARGET_NAME)";
				SWIFT_VERSION = 5.0;
				TARGETED_DEVICE_FAMILY = "1,2";
			};
			name = Debug;
		};
		251ECD0D25E2A1750053B2B2 /* Release */ = {
			isa = XCBuildConfiguration;
			buildSettings = {
				ASSETCATALOG_COMPILER_APPICON_NAME = AppIcon;
				ASSETCATALOG_COMPILER_GLOBAL_ACCENT_COLOR_NAME = AccentColor;
				CODE_SIGN_STYLE = Automatic;
				DEVELOPMENT_TEAM = SV9VR56FLJ;
				INFOPLIST_FILE = Kolodinho/Info.plist;
				LD_RUNPATH_SEARCH_PATHS = (
					"$(inherited)",
					"@executable_path/Frameworks",
				);
				PRODUCT_BUNDLE_IDENTIFIER = ua.KolodaNikita.Kolodinho;
				PRODUCT_NAME = "$(TARGET_NAME)";
				SWIFT_VERSION = 5.0;
				TARGETED_DEVICE_FAMILY = "1,2";
			};
			name = Release;
		};
		251ECD0F25E2A1750053B2B2 /* Debug */ = {
			isa = XCBuildConfiguration;
			buildSettings = {
				ALWAYS_EMBED_SWIFT_STANDARD_LIBRARIES = YES;
				BUNDLE_LOADER = "$(TEST_HOST)";
				CODE_SIGN_STYLE = Automatic;
				DEVELOPMENT_TEAM = SV9VR56FLJ;
				INFOPLIST_FILE = KolodinhoTests/Info.plist;
				IPHONEOS_DEPLOYMENT_TARGET = 14.2;
				LD_RUNPATH_SEARCH_PATHS = (
					"$(inherited)",
					"@executable_path/Frameworks",
					"@loader_path/Frameworks",
				);
				PRODUCT_BUNDLE_IDENTIFIER = ua.KolodaNikita.KolodinhoTests;
				PRODUCT_NAME = "$(TARGET_NAME)";
				SWIFT_VERSION = 5.0;
				TARGETED_DEVICE_FAMILY = "1,2";
				TEST_HOST = "$(BUILT_PRODUCTS_DIR)/Kolodinho.app/Kolodinho";
			};
			name = Debug;
		};
		251ECD1025E2A1750053B2B2 /* Release */ = {
			isa = XCBuildConfiguration;
			buildSettings = {
				ALWAYS_EMBED_SWIFT_STANDARD_LIBRARIES = YES;
				BUNDLE_LOADER = "$(TEST_HOST)";
				CODE_SIGN_STYLE = Automatic;
				DEVELOPMENT_TEAM = SV9VR56FLJ;
				INFOPLIST_FILE = KolodinhoTests/Info.plist;
				IPHONEOS_DEPLOYMENT_TARGET = 14.2;
				LD_RUNPATH_SEARCH_PATHS = (
					"$(inherited)",
					"@executable_path/Frameworks",
					"@loader_path/Frameworks",
				);
				PRODUCT_BUNDLE_IDENTIFIER = ua.KolodaNikita.KolodinhoTests;
				PRODUCT_NAME = "$(TARGET_NAME)";
				SWIFT_VERSION = 5.0;
				TARGETED_DEVICE_FAMILY = "1,2";
				TEST_HOST = "$(BUILT_PRODUCTS_DIR)/Kolodinho.app/Kolodinho";
			};
			name = Release;
		};
		251ECD1225E2A1750053B2B2 /* Debug */ = {
			isa = XCBuildConfiguration;
			buildSettings = {
				ALWAYS_EMBED_SWIFT_STANDARD_LIBRARIES = YES;
				CODE_SIGN_STYLE = Automatic;
				DEVELOPMENT_TEAM = SV9VR56FLJ;
				INFOPLIST_FILE = KolodinhoUITests/Info.plist;
				LD_RUNPATH_SEARCH_PATHS = (
					"$(inherited)",
					"@executable_path/Frameworks",
					"@loader_path/Frameworks",
				);
				PRODUCT_BUNDLE_IDENTIFIER = ua.KolodaNikita.KolodinhoUITests;
				PRODUCT_NAME = "$(TARGET_NAME)";
				SWIFT_VERSION = 5.0;
				TARGETED_DEVICE_FAMILY = "1,2";
				TEST_TARGET_NAME = Kolodinho;
			};
			name = Debug;
		};
		251ECD1325E2A1750053B2B2 /* Release */ = {
			isa = XCBuildConfiguration;
			buildSettings = {
				ALWAYS_EMBED_SWIFT_STANDARD_LIBRARIES = YES;
				CODE_SIGN_STYLE = Automatic;
				DEVELOPMENT_TEAM = SV9VR56FLJ;
				INFOPLIST_FILE = KolodinhoUITests/Info.plist;
				LD_RUNPATH_SEARCH_PATHS = (
					"$(inherited)",
					"@executable_path/Frameworks",
					"@loader_path/Frameworks",
				);
				PRODUCT_BUNDLE_IDENTIFIER = ua.KolodaNikita.KolodinhoUITests;
				PRODUCT_NAME = "$(TARGET_NAME)";
				SWIFT_VERSION = 5.0;
				TARGETED_DEVICE_FAMILY = "1,2";
				TEST_TARGET_NAME = Kolodinho;
			};
			name = Release;
		};
/* End XCBuildConfiguration section */

/* Begin XCConfigurationList section */
		251ECCDC25E2A16E0053B2B2 /* Build configuration list for PBXProject "Kolodinho" */ = {
			isa = XCConfigurationList;
			buildConfigurations = (
				251ECD0925E2A1750053B2B2 /* Debug */,
				251ECD0A25E2A1750053B2B2 /* Release */,
			);
			defaultConfigurationIsVisible = 0;
			defaultConfigurationName = Release;
		};
		251ECD0B25E2A1750053B2B2 /* Build configuration list for PBXNativeTarget "Kolodinho" */ = {
			isa = XCConfigurationList;
			buildConfigurations = (
				251ECD0C25E2A1750053B2B2 /* Debug */,
				251ECD0D25E2A1750053B2B2 /* Release */,
			);
			defaultConfigurationIsVisible = 0;
			defaultConfigurationName = Release;
		};
		251ECD0E25E2A1750053B2B2 /* Build configuration list for PBXNativeTarget "KolodinhoTests" */ = {
			isa = XCConfigurationList;
			buildConfigurations = (
				251ECD0F25E2A1750053B2B2 /* Debug */,
				251ECD1025E2A1750053B2B2 /* Release */,
			);
			defaultConfigurationIsVisible = 0;
			defaultConfigurationName = Release;
		};
		251ECD1125E2A1750053B2B2 /* Build configuration list for PBXNativeTarget "KolodinhoUITests" */ = {
			isa = XCConfigurationList;
			buildConfigurations = (
				251ECD1225E2A1750053B2B2 /* Debug */,
				251ECD1325E2A1750053B2B2 /* Release */,
			);
			defaultConfigurationIsVisible = 0;
			defaultConfigurationName = Release;
		};
/* End XCConfigurationList section */
	};
	rootObject = 251ECCD925E2A16E0053B2B2 /* Project object */;
}
